
Microsoft Visual Studio Solution File, Format Version 12.00
# Visual Studio Version 17
VisualStudioVersion = 17.9.34723.18
MinimumVisualStudioVersion = 10.0.40219.1
Project("{FAE04EC0-301F-11D3-BF4B-00C04F79EFBC}") = "HealthSched.Models", "HealthSched.Models\HealthSched.Models.csproj", "{8254EE4D-DC6F-4D3A-83C7-FA58E7E47056}"
EndProject
Project("{FAE04EC0-301F-11D3-BF4B-00C04F79EFBC}") = "HealthSched.DAL", "HealthSched.DAL\HealthSched.DAL.csproj", "{DBE864C0-A59F-4E53-86BC-5532F9961E22}"
EndProject
Global
	GlobalSection(SolutionConfigurationPlatforms) = preSolution
		Debug|Any CPU = Debug|Any CPU
		Release|Any CPU = Release|Any CPU
	EndGlobalSection
	GlobalSection(ProjectConfigurationPlatforms) = postSolution
		{8254EE4D-DC6F-4D3A-83C7-FA58E7E47056}.Debug|Any CPU.ActiveCfg = Debug|Any CPU
		{8254EE4D-DC6F-4D3A-83C7-FA58E7E47056}.Debug|Any CPU.Build.0 = Debug|Any CPU
		{8254EE4D-DC6F-4D3A-83C7-FA58E7E47056}.Release|Any CPU.ActiveCfg = Release|Any CPU
		{8254EE4D-DC6F-4D3A-83C7-FA58E7E47056}.Release|Any CPU.Build.0 = Release|Any CPU
		{DBE864C0-A59F-4E53-86BC-5532F9961E22}.Debug|Any CPU.ActiveCfg = Debug|Any CPU
		{DBE864C0-A59F-4E53-86BC-5532F9961E22}.Debug|Any CPU.Build.0 = Debug|Any CPU
		{DBE864C0-A59F-4E53-86BC-5532F9961E22}.Release|Any CPU.ActiveCfg = Release|Any CPU
		{DBE864C0-A59F-4E53-86BC-5532F9961E22}.Release|Any CPU.Build.0 = Release|Any CPU
	EndGlobalSection
	GlobalSection(SolutionProperties) = preSolution
		HideSolutionNode = FALSE
	EndGlobalSection
	GlobalSection(ExtensibilityGlobals) = postSolution
		SolutionGuid = {49582C6E-3339-4B5A-A157-CE1A49821832}
	EndGlobalSection
EndGlobal
